
Microsoft Visual Studio Solution File, Format Version 12.00
# Visual Studio 15
VisualStudioVersion = 15.0.28010.2016
MinimumVisualStudioVersion = 10.0.40219.1
Project("{FAE04EC0-301F-11D3-BF4B-00C04F79EFBC}") = "EmployesService", "EmployesService\EmployesService.csproj", "{23036C44-F945-4DDA-9A6C-9FCF4D4AF7D1}"
EndProject
Project("{FAE04EC0-301F-11D3-BF4B-00C04F79EFBC}") = "EmployeeDataAccess", "EmployeeDataAccess\EmployeeDataAccess.csproj", "{936A1CEE-2EAD-4F3B-B382-A907392A1688}"
EndProject
Project("{FAE04EC0-301F-11D3-BF4B-00C04F79EFBC}") = "ClientApplicacion", "ClientApplicacion\ClientApplicacion.csproj", "{DC28406C-D615-4450-A24C-49FC446763E5}"
EndProject
Project("{FAE04EC0-301F-11D3-BF4B-00C04F79EFBC}") = "EmployesServiceLoginAsp", "EmployesServiceLoginAsp\EmployesServiceLoginAsp.csproj", "{22ABD1A1-5B1D-4420-9924-E913F34F6A32}"
EndProject
Global
	GlobalSection(SolutionConfigurationPlatforms) = preSolution
		Debug|Any CPU = Debug|Any CPU
		Release|Any CPU = Release|Any CPU
	EndGlobalSection
	GlobalSection(ProjectConfigurationPlatforms) = postSolution
		{23036C44-F945-4DDA-9A6C-9FCF4D4AF7D1}.Debug|Any CPU.ActiveCfg = Debug|Any CPU
		{23036C44-F945-4DDA-9A6C-9FCF4D4AF7D1}.Debug|Any CPU.Build.0 = Debug|Any CPU
		{23036C44-F945-4DDA-9A6C-9FCF4D4AF7D1}.Release|Any CPU.ActiveCfg = Release|Any CPU
		{23036C44-F945-4DDA-9A6C-9FCF4D4AF7D1}.Release|Any CPU.Build.0 = Release|Any CPU
		{936A1CEE-2EAD-4F3B-B382-A907392A1688}.Debug|Any CPU.ActiveCfg = Debug|Any CPU
		{936A1CEE-2EAD-4F3B-B382-A907392A1688}.Debug|Any CPU.Build.0 = Debug|Any CPU
		{936A1CEE-2EAD-4F3B-B382-A907392A1688}.Release|Any CPU.ActiveCfg = Release|Any CPU
		{936A1CEE-2EAD-4F3B-B382-A907392A1688}.Release|Any CPU.Build.0 = Release|Any CPU
		{DC28406C-D615-4450-A24C-49FC446763E5}.Debug|Any CPU.ActiveCfg = Debug|Any CPU
		{DC28406C-D615-4450-A24C-49FC446763E5}.Debug|Any CPU.Build.0 = Debug|Any CPU
		{DC28406C-D615-4450-A24C-49FC446763E5}.Release|Any CPU.ActiveCfg = Release|Any CPU
		{DC28406C-D615-4450-A24C-49FC446763E5}.Release|Any CPU.Build.0 = Release|Any CPU
		{22ABD1A1-5B1D-4420-9924-E913F34F6A32}.Debug|Any CPU.ActiveCfg = Debug|Any CPU
		{22ABD1A1-5B1D-4420-9924-E913F34F6A32}.Debug|Any CPU.Build.0 = Debug|Any CPU
		{22ABD1A1-5B1D-4420-9924-E913F34F6A32}.Release|Any CPU.ActiveCfg = Release|Any CPU
		{22ABD1A1-5B1D-4420-9924-E913F34F6A32}.Release|Any CPU.Build.0 = Release|Any CPU
	EndGlobalSection
	GlobalSection(SolutionProperties) = preSolution
		HideSolutionNode = FALSE
	EndGlobalSection
	GlobalSection(ExtensibilityGlobals) = postSolution
		SolutionGuid = {A72058D0-5453-429B-97C9-8E2F55880337}
	EndGlobalSection
EndGlobal
